
Microsoft Visual Studio Solution File, Format Version 12.00
# Visual Studio Version 16
VisualStudioVersion = 16.0.31410.357
MinimumVisualStudioVersion = 10.0.40219.1
Project("{FAE04EC0-301F-11D3-BF4B-00C04F79EFBC}") = "Authentication", "Authentication\Authentication.csproj", "{DA8721B8-87AA-4A9D-86CA-D1CA8AC6006D}"
EndProject
Global
	GlobalSection(SolutionConfigurationPlatforms) = preSolution
		Debug|Any CPU = Debug|Any CPU
		Release|Any CPU = Release|Any CPU
	EndGlobalSection
	GlobalSection(ProjectConfigurationPlatforms) = postSolution
		{DA8721B8-87AA-4A9D-86CA-D1CA8AC6006D}.Debug|Any CPU.ActiveCfg = Debug|Any CPU
		{DA8721B8-87AA-4A9D-86CA-D1CA8AC6006D}.Debug|Any CPU.Build.0 = Debug|Any CPU
		{DA8721B8-87AA-4A9D-86CA-D1CA8AC6006D}.Release|Any CPU.ActiveCfg = Release|Any CPU
		{DA8721B8-87AA-4A9D-86CA-D1CA8AC6006D}.Release|Any CPU.Build.0 = Release|Any CPU
	EndGlobalSection
	GlobalSection(SolutionProperties) = preSolution
		HideSolutionNode = FALSE
	EndGlobalSection
	GlobalSection(ExtensibilityGlobals) = postSolution
		SolutionGuid = {C6D27120-E105-4628-8DB8-0172EE8A9B5D}
	EndGlobalSection
EndGlobal
